// !$*UTF8*$!
{
	archiveVersion = 1;
	classes = {
	};
	objectVersion = 46;
	objects = {

/* Begin PBXBuildFile section */
		47D241D91E378B6400A44EC3 /* AppDelegate.swift in Sources */ = {isa = PBXBuildFile; fileRef = 47D241D81E378B6400A44EC3 /* AppDelegate.swift */; };
		47D241DB1E378B6400A44EC3 /* ViewController.swift in Sources */ = {isa = PBXBuildFile; fileRef = 47D241DA1E378B6400A44EC3 /* ViewController.swift */; };
		47D241DE1E378B6400A44EC3 /* Main.storyboard in Resources */ = {isa = PBXBuildFile; fileRef = 47D241DC1E378B6400A44EC3 /* Main.storyboard */; };
		47D241E01E378B6400A44EC3 /* Assets.xcassets in Resources */ = {isa = PBXBuildFile; fileRef = 47D241DF1E378B6400A44EC3 /* Assets.xcassets */; };
		47D241E31E378B6400A44EC3 /* LaunchScreen.storyboard in Resources */ = {isa = PBXBuildFile; fileRef = 47D241E11E378B6400A44EC3 /* LaunchScreen.storyboard */; };
		47D241EE1E378B6400A44EC3 /* PitchPerfectTests.swift in Sources */ = {isa = PBXBuildFile; fileRef = 47D241ED1E378B6400A44EC3 /* PitchPerfectTests.swift */; };
		47D241F91E378B6500A44EC3 /* PitchPerfectUITests.swift in Sources */ = {isa = PBXBuildFile; fileRef = 47D241F81E378B6500A44EC3 /* PitchPerfectUITests.swift */; };
		47D242081E37A48400A44EC3 /* PlaySoundsViewController.swift in Sources */ = {isa = PBXBuildFile; fileRef = 47D242071E37A48400A44EC3 /* PlaySoundsViewController.swift */; };
		47D2420A1E3875AE00A44EC3 /* PlaySoundsViewControllerAudio.swift in Sources */ = {isa = PBXBuildFile; fileRef = 47D242091E3875AE00A44EC3 /* PlaySoundsViewControllerAudio.swift */; };
/* End PBXBuildFile section */

/* Begin PBXContainerItemProxy section */
		47D241EA1E378B6400A44EC3 /* PBXContainerItemProxy */ = {
			isa = PBXContainerItemProxy;
			containerPortal = 47D241CD1E378B6400A44EC3 /* Project object */;
			proxyType = 1;
			remoteGlobalIDString = 47D241D41E378B6400A44EC3;
			remoteInfo = PitchPerfect;
		};
		47D241F51E378B6500A44EC3 /* PBXContainerItemProxy */ = {
			isa = PBXContainerItemProxy;
			containerPortal = 47D241CD1E378B6400A44EC3 /* Project object */;
			proxyType = 1;
			remoteGlobalIDString = 47D241D41E378B6400A44EC3;
			remoteInfo = PitchPerfect;
		};
/* End PBXContainerItemProxy section */

/* Begin PBXFileReference section */
		47D241D51E378B6400A44EC3 /* PitchPerfect.app */ = {isa = PBXFileReference; explicitFileType = wrapper.application; includeInIndex = 0; path = PitchPerfect.app; sourceTree = BUILT_PRODUCTS_DIR; };
		47D241D81E378B6400A44EC3 /* AppDelegate.swift */ = {isa = PBXFileReference; lastKnownFileType = sourcecode.swift; path = AppDelegate.swift; sourceTree = "<group>"; };
		47D241DA1E378B6400A44EC3 /* ViewController.swift */ = {isa = PBXFileReference; lastKnownFileType = sourcecode.swift; path = ViewController.swift; sourceTree = "<group>"; };
		47D241DD1E378B6400A44EC3 /* Base */ = {isa = PBXFileReference; lastKnownFileType = file.storyboard; name = Base; path = Base.lproj/Main.storyboard; sourceTree = "<group>"; };
		47D241DF1E378B6400A44EC3 /* Assets.xcassets */ = {isa = PBXFileReference; lastKnownFileType = folder.assetcatalog; path = Assets.xcassets; sourceTree = "<group>"; };
		47D241E21E378B6400A44EC3 /* Base */ = {isa = PBXFileReference; lastKnownFileType = file.storyboard; name = Base; path = Base.lproj/LaunchScreen.storyboard; sourceTree = "<group>"; };
		47D241E41E378B6400A44EC3 /* Info.plist */ = {isa = PBXFileReference; lastKnownFileType = text.plist.xml; path = Info.plist; sourceTree = "<group>"; };
		47D241E91E378B6400A44EC3 /* PitchPerfectTests.xctest */ = {isa = PBXFileReference; explicitFileType = wrapper.cfbundle; includeInIndex = 0; path = PitchPerfectTests.xctest; sourceTree = BUILT_PRODUCTS_DIR; };
		47D241ED1E378B6400A44EC3 /* PitchPerfectTests.swift */ = {isa = PBXFileReference; lastKnownFileType = sourcecode.swift; path = PitchPerfectTests.swift; sourceTree = "<group>"; };
		47D241EF1E378B6500A44EC3 /* Info.plist */ = {isa = PBXFileReference; lastKnownFileType = text.plist.xml; path = Info.plist; sourceTree = "<group>"; };
		47D241F41E378B6500A44EC3 /* PitchPerfectUITests.xctest */ = {isa = PBXFileReference; explicitFileType = wrapper.cfbundle; includeInIndex = 0; path = PitchPerfectUITests.xctest; sourceTree = BUILT_PRODUCTS_DIR; };
		47D241F81E378B6500A44EC3 /* PitchPerfectUITests.swift */ = {isa = PBXFileReference; lastKnownFileType = sourcecode.swift; path = PitchPerfectUITests.swift; sourceTree = "<group>"; };
		47D241FA1E378B6500A44EC3 /* Info.plist */ = {isa = PBXFileReference; lastKnownFileType = text.plist.xml; path = Info.plist; sourceTree = "<group>"; };
		47D242071E37A48400A44EC3 /* PlaySoundsViewController.swift */ = {isa = PBXFileReference; fileEncoding = 4; lastKnownFileType = sourcecode.swift; path = PlaySoundsViewController.swift; sourceTree = "<group>"; };
		47D242091E3875AE00A44EC3 /* PlaySoundsViewControllerAudio.swift */ = {isa = PBXFileReference; fileEncoding = 4; lastKnownFileType = sourcecode.swift; path = PlaySoundsViewControllerAudio.swift; sourceTree = "<group>"; };
/* End PBXFileReference section */

/* Begin PBXFrameworksBuildPhase section */
		47D241D21E378B6400A44EC3 /* Frameworks */ = {
			isa = PBXFrameworksBuildPhase;
			buildActionMask = 2147483647;
			files = (
			);
			runOnlyForDeploymentPostprocessing = 0;
		};
		47D241E61E378B6400A44EC3 /* Frameworks */ = {
			isa = PBXFrameworksBuildPhase;
			buildActionMask = 2147483647;
			files = (
			);
			runOnlyForDeploymentPostprocessing = 0;
		};
		47D241F11E378B6500A44EC3 /* Frameworks */ = {
			isa = PBXFrameworksBuildPhase;
			buildActionMask = 2147483647;
			files = (
			);
			runOnlyForDeploymentPostprocessing = 0;
		};
/* End PBXFrameworksBuildPhase section */

/* Begin PBXGroup section */
		47D241CC1E378B6400A44EC3 = {
			isa = PBXGroup;
			children = (
				47D241D71E378B6400A44EC3 /* PitchPerfect */,
				47D241EC1E378B6400A44EC3 /* PitchPerfectTests */,
				47D241F71E378B6500A44EC3 /* PitchPerfectUITests */,
				47D241D61E378B6400A44EC3 /* Products */,
			);
			sourceTree = "<group>";
		};
		47D241D61E378B6400A44EC3 /* Products */ = {
			isa = PBXGroup;
			children = (
				47D241D51E378B6400A44EC3 /* PitchPerfect.app */,
				47D241E91E378B6400A44EC3 /* PitchPerfectTests.xctest */,
				47D241F41E378B6500A44EC3 /* PitchPerfectUITests.xctest */,
			);
			name = Products;
			sourceTree = "<group>";
		};
		47D241D71E378B6400A44EC3 /* PitchPerfect */ = {
			isa = PBXGroup;
			children = (
				47D242061E378B8800A44EC3 /* controllers */,
				47D241D81E378B6400A44EC3 /* AppDelegate.swift */,
				47D241DC1E378B6400A44EC3 /* Main.storyboard */,
				47D241DF1E378B6400A44EC3 /* Assets.xcassets */,
				47D241E11E378B6400A44EC3 /* LaunchScreen.storyboard */,
				47D241E41E378B6400A44EC3 /* Info.plist */,
			);
			path = PitchPerfect;
			sourceTree = "<group>";
		};
		47D241EC1E378B6400A44EC3 /* PitchPerfectTests */ = {
			isa = PBXGroup;
			children = (
				47D241ED1E378B6400A44EC3 /* PitchPerfectTests.swift */,
				47D241EF1E378B6500A44EC3 /* Info.plist */,
			);
			path = PitchPerfectTests;
			sourceTree = "<group>";
		};
		47D241F71E378B6500A44EC3 /* PitchPerfectUITests */ = {
			isa = PBXGroup;
			children = (
				47D241F81E378B6500A44EC3 /* PitchPerfectUITests.swift */,
				47D241FA1E378B6500A44EC3 /* Info.plist */,
			);
			path = PitchPerfectUITests;
			sourceTree = "<group>";
		};
		47D242061E378B8800A44EC3 /* controllers */ = {
			isa = PBXGroup;
			children = (
				47D242091E3875AE00A44EC3 /* PlaySoundsViewControllerAudio.swift */,
				47D241DA1E378B6400A44EC3 /* ViewController.swift */,
				47D242071E37A48400A44EC3 /* PlaySoundsViewController.swift */,
			);
			name = controllers;
			sourceTree = "<group>";
		};
/* End PBXGroup section */

/* Begin PBXNativeTarget section */
		47D241D41E378B6400A44EC3 /* PitchPerfect */ = {
			isa = PBXNativeTarget;
			buildConfigurationList = 47D241FD1E378B6500A44EC3 /* Build configuration list for PBXNativeTarget "PitchPerfect" */;
			buildPhases = (
				47D241D11E378B6400A44EC3 /* Sources */,
				47D241D21E378B6400A44EC3 /* Frameworks */,
				47D241D31E378B6400A44EC3 /* Resources */,
			);
			buildRules = (
			);
			dependencies = (
			);
			name = PitchPerfect;
			productName = PitchPerfect;
			productReference = 47D241D51E378B6400A44EC3 /* PitchPerfect.app */;
			productType = "com.apple.product-type.application";
		};
		47D241E81E378B6400A44EC3 /* PitchPerfectTests */ = {
			isa = PBXNativeTarget;
			buildConfigurationList = 47D242001E378B6500A44EC3 /* Build configuration list for PBXNativeTarget "PitchPerfectTests" */;
			buildPhases = (
				47D241E51E378B6400A44EC3 /* Sources */,
				47D241E61E378B6400A44EC3 /* Frameworks */,
				47D241E71E378B6400A44EC3 /* Resources */,
			);
			buildRules = (
			);
			dependencies = (
				47D241EB1E378B6400A44EC3 /* PBXTargetDependency */,
			);
			name = PitchPerfectTests;
			productName = PitchPerfectTests;
			productReference = 47D241E91E378B6400A44EC3 /* PitchPerfectTests.xctest */;
			productType = "com.apple.product-type.bundle.unit-test";
		};
		47D241F31E378B6500A44EC3 /* PitchPerfectUITests */ = {
			isa = PBXNativeTarget;
			buildConfigurationList = 47D242031E378B6500A44EC3 /* Build configuration list for PBXNativeTarget "PitchPerfectUITests" */;
			buildPhases = (
				47D241F01E378B6500A44EC3 /* Sources */,
				47D241F11E378B6500A44EC3 /* Frameworks */,
				47D241F21E378B6500A44EC3 /* Resources */,
			);
			buildRules = (
			);
			dependencies = (
				47D241F61E378B6500A44EC3 /* PBXTargetDependency */,
			);
			name = PitchPerfectUITests;
			productName = PitchPerfectUITests;
			productReference = 47D241F41E378B6500A44EC3 /* PitchPerfectUITests.xctest */;
			productType = "com.apple.product-type.bundle.ui-testing";
		};
/* End PBXNativeTarget section */

/* Begin PBXProject section */
		47D241CD1E378B6400A44EC3 /* Project object */ = {
			isa = PBXProject;
			attributes = {
				LastSwiftUpdateCheck = 0820;
				LastUpgradeCheck = 0820;
				ORGANIZATIONNAME = Kushal;
				TargetAttributes = {
					47D241D41E378B6400A44EC3 = {
						CreatedOnToolsVersion = 8.2.1;
						ProvisioningStyle = Automatic;
					};
					47D241E81E378B6400A44EC3 = {
						CreatedOnToolsVersion = 8.2.1;
						ProvisioningStyle = Automatic;
						TestTargetID = 47D241D41E378B6400A44EC3;
					};
					47D241F31E378B6500A44EC3 = {
						CreatedOnToolsVersion = 8.2.1;
						ProvisioningStyle = Automatic;
						TestTargetID = 47D241D41E378B6400A44EC3;
					};
				};
			};
			buildConfigurationList = 47D241D01E378B6400A44EC3 /* Build configuration list for PBXProject "PitchPerfect" */;
			compatibilityVersion = "Xcode 3.2";
			developmentRegion = English;
			hasScannedForEncodings = 0;
			knownRegions = (
				en,
				Base,
			);
			mainGroup = 47D241CC1E378B6400A44EC3;
			productRefGroup = 47D241D61E378B6400A44EC3 /* Products */;
			projectDirPath = "";
			projectRoot = "";
			targets = (
				47D241D41E378B6400A44EC3 /* PitchPerfect */,
				47D241E81E378B6400A44EC3 /* PitchPerfectTests */,
				47D241F31E378B6500A44EC3 /* PitchPerfectUITests */,
			);
		};
/* End PBXProject section */

/* Begin PBXResourcesBuildPhase section */
		47D241D31E378B6400A44EC3 /* Resources */ = {
			isa = PBXResourcesBuildPhase;
			buildActionMask = 2147483647;
			files = (
				47D241E31E378B6400A44EC3 /* LaunchScreen.storyboard in Resources */,
				47D241E01E378B6400A44EC3 /* Assets.xcassets in Resources */,
				47D241DE1E378B6400A44EC3 /* Main.storyboard in Resources */,
			);
			runOnlyForDeploymentPostprocessing = 0;
		};
		47D241E71E378B6400A44EC3 /* Resources */ = {
			isa = PBXResourcesBuildPhase;
			buildActionMask = 2147483647;
			files = (
			);
			runOnlyForDeploymentPostprocessing = 0;
		};
		47D241F21E378B6500A44EC3 /* Resources */ = {
			isa = PBXResourcesBuildPhase;
			buildActionMask = 2147483647;
			files = (
			);
			runOnlyForDeploymentPostprocessing = 0;
		};
/* End PBXResourcesBuildPhase section */

/* Begin PBXSourcesBuildPhase section */
		47D241D11E378B6400A44EC3 /* Sources */ = {
			isa = PBXSourcesBuildPhase;
			buildActionMask = 2147483647;
			files = (
				47D241DB1E378B6400A44EC3 /* ViewController.swift in Sources */,
				47D242081E37A48400A44EC3 /* PlaySoundsViewController.swift in Sources */,
				47D241D91E378B6400A44EC3 /* AppDelegate.swift in Sources */,
				47D2420A1E3875AE00A44EC3 /* PlaySoundsViewControllerAudio.swift in Sources */,
			);
			runOnlyForDeploymentPostprocessing = 0;
		};
		47D241E51E378B6400A44EC3 /* Sources */ = {
			isa = PBXSourcesBuildPhase;
			buildActionMask = 2147483647;
			files = (
				47D241EE1E378B6400A44EC3 /* PitchPerfectTests.swift in Sources */,
			);
			runOnlyForDeploymentPostprocessing = 0;
		};
		47D241F01E378B6500A44EC3 /* Sources */ = {
			isa = PBXSourcesBuildPhase;
			buildActionMask = 2147483647;
			files = (
				47D241F91E378B6500A44EC3 /* PitchPerfectUITests.swift in Sources */,
			);
			runOnlyForDeploymentPostprocessing = 0;
		};
/* End PBXSourcesBuildPhase section */

/* Begin PBXTargetDependency section */
		47D241EB1E378B6400A44EC3 /* PBXTargetDependency */ = {
			isa = PBXTargetDependency;
			target = 47D241D41E378B6400A44EC3 /* PitchPerfect */;
			targetProxy = 47D241EA1E378B6400A44EC3 /* PBXContainerItemProxy */;
		};
		47D241F61E378B6500A44EC3 /* PBXTargetDependency */ = {
			isa = PBXTargetDependency;
			target = 47D241D41E378B6400A44EC3 /* PitchPerfect */;
			targetProxy = 47D241F51E378B6500A44EC3 /* PBXContainerItemProxy */;
		};
/* End PBXTargetDependency section */

/* Begin PBXVariantGroup section */
		47D241DC1E378B6400A44EC3 /* Main.storyboard */ = {
			isa = PBXVariantGroup;
			children = (
				47D241DD1E378B6400A44EC3 /* Base */,
			);
			name = Main.storyboard;
			sourceTree = "<group>";
		};
		47D241E11E378B6400A44EC3 /* LaunchScreen.storyboard */ = {
			isa = PBXVariantGroup;
			children = (
				47D241E21E378B6400A44EC3 /* Base */,
			);
			name = LaunchScreen.storyboard;
			sourceTree = "<group>";
		};
/* End PBXVariantGroup section */

/* Begin XCBuildConfiguration section */
		47D241FB1E378B6500A44EC3 /* Debug */ = {
			isa = XCBuildConfiguration;
			buildSettings = {
				ALWAYS_SEARCH_USER_PATHS = NO;
				CLANG_ANALYZER_NONNULL = YES;
				CLANG_CXX_LANGUAGE_STANDARD = "gnu++0x";
				CLANG_CXX_LIBRARY = "libc++";
				CLANG_ENABLE_MODULES = YES;
				CLANG_ENABLE_OBJC_ARC = YES;
				CLANG_WARN_BOOL_CONVERSION = YES;
				CLANG_WARN_CONSTANT_CONVERSION = YES;
				CLANG_WARN_DIRECT_OBJC_ISA_USAGE = YES_ERROR;
				CLANG_WARN_DOCUMENTATION_COMMENTS = YES;
				CLANG_WARN_EMPTY_BODY = YES;
				CLANG_WARN_ENUM_CONVERSION = YES;
				CLANG_WARN_INFINITE_RECURSION = YES;
				CLANG_WARN_INT_CONVERSION = YES;
				CLANG_WARN_OBJC_ROOT_CLASS = YES_ERROR;
				CLANG_WARN_SUSPICIOUS_MOVE = YES;
				CLANG_WARN_UNREACHABLE_CODE = YES;
				CLANG_WARN__DUPLICATE_METHOD_MATCH = YES;
				"CODE_SIGN_IDENTITY[sdk=iphoneos*]" = "iPhone Developer";
				COPY_PHASE_STRIP = NO;
				DEBUG_INFORMATION_FORMAT = dwarf;
				ENABLE_STRICT_OBJC_MSGSEND = YES;
				ENABLE_TESTABILITY = YES;
				GCC_C_LANGUAGE_STANDARD = gnu99;
				GCC_DYNAMIC_NO_PIC = NO;
				GCC_NO_COMMON_BLOCKS = YES;
				GCC_OPTIMIZATION_LEVEL = 0;
				GCC_PREPROCESSOR_DEFINITIONS = (
					"DEBUG=1",
					"$(inherited)",
				);
				GCC_WARN_64_TO_32_BIT_CONVERSION = YES;
				GCC_WARN_ABOUT_RETURN_TYPE = YES_ERROR;
				GCC_WARN_UNDECLARED_SELECTOR = YES;
				GCC_WARN_UNINITIALIZED_AUTOS = YES_AGGRESSIVE;
				GCC_WARN_UNUSED_FUNCTION = YES;
				GCC_WARN_UNUSED_VARIABLE = YES;
				IPHONEOS_DEPLOYMENT_TARGET = 10.2;
				MTL_ENABLE_DEBUG_INFO = YES;
				ONLY_ACTIVE_ARCH = YES;
				SDKROOT = iphoneos;
				SWIFT_ACTIVE_COMPILATION_CONDITIONS = DEBUG;
				SWIFT_OPTIMIZATION_LEVEL = "-Onone";
				TARGETED_DEVICE_FAMILY = "1,2";
			};
			name = Debug;
		};
		47D241FC1E378B6500A44EC3 /* Release */ = {
			isa = XCBuildConfiguration;
			buildSettings = {
				ALWAYS_SEARCH_USER_PATHS = NO;
				CLANG_ANALYZER_NONNULL = YES;
				CLANG_CXX_LANGUAGE_STANDARD = "gnu++0x";
				CLANG_CXX_LIBRARY = "libc++";
				CLANG_ENABLE_MODULES = YES;
				CLANG_ENABLE_OBJC_ARC = YES;
				CLANG_WARN_BOOL_CONVERSION = YES;
				CLANG_WARN_CONSTANT_CONVERSION = YES;
				CLANG_WARN_DIRECT_OBJC_ISA_USAGE = YES_ERROR;
				CLANG_WARN_DOCUMENTATION_COMMENTS = YES;
				CLANG_WARN_EMPTY_BODY = YES;
				CLANG_WARN_ENUM_CONVERSION = YES;
				CLANG_WARN_INFINITE_RECURSION = YES;
				CLANG_WARN_INT_CONVERSION = YES;
				CLANG_WARN_OBJC_ROOT_CLASS = YES_ERROR;
				CLANG_WARN_SUSPICIOUS_MOVE = YES;
				CLANG_WARN_UNREACHABLE_CODE = YES;
				CLANG_WARN__DUPLICATE_METHOD_MATCH = YES;
				"CODE_SIGN_IDENTITY[sdk=iphoneos*]" = "iPhone Developer";
				COPY_PHASE_STRIP = NO;
				DEBUG_INFORMATION_FORMAT = "dwarf-with-dsym";
				ENABLE_NS_ASSERTIONS = NO;
				ENABLE_STRICT_OBJC_MSGSEND = YES;
				GCC_C_LANGUAGE_STANDARD = gnu99;
				GCC_NO_COMMON_BLOCKS = YES;
				GCC_WARN_64_TO_32_BIT_CONVERSION = YES;
				GCC_WARN_ABOUT_RETURN_TYPE = YES_ERROR;
				GCC_WARN_UNDECLARED_SELECTOR = YES;
				GCC_WARN_UNINITIALIZED_AUTOS = YES_AGGRESSIVE;
				GCC_WARN_UNUSED_FUNCTION = YES;
				GCC_WARN_UNUSED_VARIABLE = YES;
				IPHONEOS_DEPLOYMENT_TARGET = 10.2;
				MTL_ENABLE_DEBUG_INFO = NO;
				SDKROOT = iphoneos;
				SWIFT_OPTIMIZATION_LEVEL = "-Owholemodule";
				TARGETED_DEVICE_FAMILY = "1,2";
				VALIDATE_PRODUCT = YES;
			};
			name = Release;
		};
		47D241FE1E378B6500A44EC3 /* Debug */ = {
			isa = XCBuildConfiguration;
			buildSettings = {
				ASSETCATALOG_COMPILER_APPICON_NAME = AppIcon;
				INFOPLIST_FILE = PitchPerfect/Info.plist;
				LD_RUNPATH_SEARCH_PATHS = "$(inherited) @executable_path/Frameworks";
				PRODUCT_BUNDLE_IDENTIFIER = xyz.kushal.PitchPerfect;
				PRODUCT_NAME = "$(TARGET_NAME)";
				SWIFT_VERSION = 3.0;
			};
			name = Debug;
		};
		47D241FF1E378B6500A44EC3 /* Release */ = {
			isa = XCBuildConfiguration;
			buildSettings = {
				ASSETCATALOG_COMPILER_APPICON_NAME = AppIcon;
				INFOPLIST_FILE = PitchPerfect/Info.plist;
				LD_RUNPATH_SEARCH_PATHS = "$(inherited) @executable_path/Frameworks";
				PRODUCT_BUNDLE_IDENTIFIER = xyz.kushal.PitchPerfect;
				PRODUCT_NAME = "$(TARGET_NAME)";
				SWIFT_VERSION = 3.0;
			};
			name = Release;
		};
		47D242011E378B6500A44EC3 /* Debug */ = {
			isa = XCBuildConfiguration;
			buildSettings = {
				ALWAYS_EMBED_SWIFT_STANDARD_LIBRARIES = YES;
				BUNDLE_LOADER = "$(TEST_HOST)";
				INFOPLIST_FILE = PitchPerfectTests/Info.plist;
				LD_RUNPATH_SEARCH_PATHS = "$(inherited) @executable_path/Frameworks @loader_path/Frameworks";
				PRODUCT_BUNDLE_IDENTIFIER = xyz.kushal.PitchPerfectTests;
				PRODUCT_NAME = "$(TARGET_NAME)";
				SWIFT_VERSION = 3.0;
				TEST_HOST = "$(BUILT_PRODUCTS_DIR)/PitchPerfect.app/PitchPerfect";
			};
			name = Debug;
		};
		47D242021E378B6500A44EC3 /* Release */ = {
			isa = XCBuildConfiguration;
			buildSettings = {
				ALWAYS_EMBED_SWIFT_STANDARD_LIBRARIES = YES;
				BUNDLE_LOADER = "$(TEST_HOST)";
				INFOPLIST_FILE = PitchPerfectTests/Info.plist;
				LD_RUNPATH_SEARCH_PATHS = "$(inherited) @executable_path/Frameworks @loader_path/Frameworks";
				PRODUCT_BUNDLE_IDENTIFIER = xyz.kushal.PitchPerfectTests;
				PRODUCT_NAME = "$(TARGET_NAME)";
				SWIFT_VERSION = 3.0;
				TEST_HOST = "$(BUILT_PRODUCTS_DIR)/PitchPerfect.app/PitchPerfect";
			};
			name = Release;
		};
		47D242041E378B6500A44EC3 /* Debug */ = {
			isa = XCBuildConfiguration;
			buildSettings = {
				ALWAYS_EMBED_SWIFT_STANDARD_LIBRARIES = YES;
				INFOPLIST_FILE = PitchPerfectUITests/Info.plist;
				LD_RUNPATH_SEARCH_PATHS = "$(inherited) @executable_path/Frameworks @loader_path/Frameworks";
				PRODUCT_BUNDLE_IDENTIFIER = xyz.kushal.PitchPerfectUITests;
				PRODUCT_NAME = "$(TARGET_NAME)";
				SWIFT_VERSION = 3.0;
				TEST_TARGET_NAME = PitchPerfect;
			};
			name = Debug;
		};
		47D242051E378B6500A44EC3 /* Release */ = {
			isa = XCBuildConfiguration;
			buildSettings = {
				ALWAYS_EMBED_SWIFT_STANDARD_LIBRARIES = YES;
				INFOPLIST_FILE = PitchPerfectUITests/Info.plist;
				LD_RUNPATH_SEARCH_PATHS = "$(inherited) @executable_path/Frameworks @loader_path/Frameworks";
				PRODUCT_BUNDLE_IDENTIFIER = xyz.kushal.PitchPerfectUITests;
				PRODUCT_NAME = "$(TARGET_NAME)";
				SWIFT_VERSION = 3.0;
				TEST_TARGET_NAME = PitchPerfect;
			};
			name = Release;
		};
/* End XCBuildConfiguration section */

/* Begin XCConfigurationList section */
		47D241D01E378B6400A44EC3 /* Build configuration list for PBXProject "PitchPerfect" */ = {
			isa = XCConfigurationList;
			buildConfigurations = (
				47D241FB1E378B6500A44EC3 /* Debug */,
				47D241FC1E378B6500A44EC3 /* Release */,
			);
			defaultConfigurationIsVisible = 0;
			defaultConfigurationName = Release;
		};
		47D241FD1E378B6500A44EC3 /* Build configuration list for PBXNativeTarget "PitchPerfect" */ = {
			isa = XCConfigurationList;
			buildConfigurations = (
				47D241FE1E378B6500A44EC3 /* Debug */,
				47D241FF1E378B6500A44EC3 /* Release */,
			);
			defaultConfigurationIsVisible = 0;
		};
		47D242001E378B6500A44EC3 /* Build configuration list for PBXNativeTarget "PitchPerfectTests" */ = {
			isa = XCConfigurationList;
			buildConfigurations = (
				47D242011E378B6500A44EC3 /* Debug */,
				47D242021E378B6500A44EC3 /* Release */,
			);
			defaultConfigurationIsVisible = 0;
		};
		47D242031E378B6500A44EC3 /* Build configuration list for PBXNativeTarget "PitchPerfectUITests" */ = {
			isa = XCConfigurationList;
			buildConfigurations = (
				47D242041E378B6500A44EC3 /* Debug */,
				47D242051E378B6500A44EC3 /* Release */,
			);
			defaultConfigurationIsVisible = 0;
		};
/* End XCConfigurationList section */
	};
	rootObject = 47D241CD1E378B6400A44EC3 /* Project object */;
}
